schema: '2.0'
stages:
  gridsearch:
    cmd: python src/models/01-grid-search.py
    deps:
    - path: data/processed_data
      hash: md5
      md5: 9a2c3ee08c9a62d953a83efc4c7c03e6.dir
      size: 579993
      nfiles: 8
    - path: src/models/01-grid-search.py
      hash: md5
      md5: e4166e7cb43ee121c30ddae3169d4c47
      size: 883
    outs:
    - path: models/best_params.pkl
      hash: md5
      md5: 1b0a5b3057e010cf2186ad80e8e43f2b
      size: 124
  training:
    cmd: python src/models/02-training.py
    deps:
    - path: models/best_params.pkl
      hash: md5
      md5: 1b0a5b3057e010cf2186ad80e8e43f2b
      size: 124
    - path: src/models/02-training.py
      hash: md5
      md5: bf3e075347b7e275d457918314183403
      size: 699
    outs:
    - path: models/trained_model.pkl
      hash: md5
      md5: 8d58a83bf8e983e8be48fff4ac13e4fa
      size: 1065
  evaluation:
    cmd: python src/models/03-evaluation.py
    deps:
    - path: models/trained_model.pkl
      hash: md5
      md5: 8d58a83bf8e983e8be48fff4ac13e4fa
      size: 1065
    - path: src/models/03-evaluation.py
      hash: md5
      md5: 73e514bb2b1964bcb456554806c34992
      size: 1151
    outs:
    - path: data/predictions.csv
      hash: md5
      md5: 2a11fec338f8dea60f5a00a229ea6092
      size: 10176
    - path: metrics/scores.json
      hash: md5
      md5: 430efb9a4a833c368e4f4dfc9de05766
      size: 209
